
Microsoft Visual Studio Solution File, Format Version 12.00
# Visual Studio 15
VisualStudioVersion = 15.0.28307.757
MinimumVisualStudioVersion = 10.0.40219.1
Project("{FAE04EC0-301F-11D3-BF4B-00C04F79EFBC}") = "capstone_webAPI", "capstone_webAPI\capstone_webAPI.csproj", "{6AB59358-6C63-45EA-A59B-8251F77A1426}"
EndProject
Global
	GlobalSection(SolutionConfigurationPlatforms) = preSolution
		Debug|Any CPU = Debug|Any CPU
		Release|Any CPU = Release|Any CPU
	EndGlobalSection
	GlobalSection(ProjectConfigurationPlatforms) = postSolution
		{6AB59358-6C63-45EA-A59B-8251F77A1426}.Debug|Any CPU.ActiveCfg = Debug|Any CPU
		{6AB59358-6C63-45EA-A59B-8251F77A1426}.Debug|Any CPU.Build.0 = Debug|Any CPU
		{6AB59358-6C63-45EA-A59B-8251F77A1426}.Release|Any CPU.ActiveCfg = Release|Any CPU
		{6AB59358-6C63-45EA-A59B-8251F77A1426}.Release|Any CPU.Build.0 = Release|Any CPU
	EndGlobalSection
	GlobalSection(SolutionProperties) = preSolution
		HideSolutionNode = FALSE
	EndGlobalSection
	GlobalSection(ExtensibilityGlobals) = postSolution
		SolutionGuid = {317A17CC-F15F-4D74-835E-1C5800ED8BE7}
	EndGlobalSection
EndGlobal
